{
  "version": "v1",
  "packages": {
    "workbox-prefetch": {
      "signature": "d53dedaf1bae4f3f240727153f9102f3",
      "file": true
    },
    "@xdn/core": {
      "signature": "2cc4a607ecc893eca66d8c80de29707c",
      "file": true,
      "replaced": "^1.20.0"
    },
    "@xdn/next": {
      "signature": "f1fcdc53c7ba4b643939959439b5e3a1",
      "file": true,
      "replaced": "^1.20.0"
    },
    "@xdn/prefetch": {
      "signature": "c0aa1dd20315ffed7fec5b030b45ea5f",
      "file": true,
      "replaced": "^1.20.0"
    },
    "@xdn/react": {
      "signature": "2746e49e66fc58458998c26423063237",
      "file": true,
      "replaced": "^1.20.0"
    },
    "@xdn/cli": {
      "signature": "88a6b6e82e3c63a9992277dc44c6b830",
      "file": true,
      "replaced": "^1.20.0"
    }
  }
}