{
  "version": "v1",
  "packages": {
    "@xdn/react": {
      "signature": "25cf7b1cfeec65ca622daf8185b9a371",
      "file": true,
      "replaced": "^1.18.0"
    },
    "@xdn/cli": {
      "signature": "0cb9da792e5e7817e6f3612a6d8d1a89",
      "file": true
    },
    "@xdn/core": {
      "signature": "ec8669726028990d63a0c4c76bb41d3d",
      "file": true
    },
    "@xdn/next": {
      "signature": "0f4d5ab30223a7237bb082273d3f57c4",
      "file": true
    },
    "@xdn/prefetch": {
      "signature": "64ba65f4387d7170657d0fa34828530e",
      "file": true,
      "replaced": "^1.18.0"
    }
  }
}